
Microsoft Visual Studio Solution File, Format Version 12.00
Project("{8BC9CEB8-8B4A-11D0-8D11-00A0C91BC942}") = "DrawingRec", "DrawingRec\DrawingRec.vcxproj", "{C576934C-CEAF-4049-A3A4-48A5FB2A4FDF}"
EndProject
Global
	GlobalSection(SolutionConfigurationPlatforms) = preSolution
		Debug|Win32 = Debug|Win32
		Debug|x64 = Debug|x64
		Release|Win32 = Release|Win32
		Release|x64 = Release|x64
	EndGlobalSection
	GlobalSection(ProjectConfigurationPlatforms) = postSolution
		{C576934C-CEAF-4049-A3A4-48A5FB2A4FDF}.Debug|Win32.ActiveCfg = Debug|Win32
		{C576934C-CEAF-4049-A3A4-48A5FB2A4FDF}.Debug|Win32.Build.0 = Debug|Win32
		{C576934C-CEAF-4049-A3A4-48A5FB2A4FDF}.Debug|x64.ActiveCfg = Debug|x64
		{C576934C-CEAF-4049-A3A4-48A5FB2A4FDF}.Debug|x64.Build.0 = Debug|x64
		{C576934C-CEAF-4049-A3A4-48A5FB2A4FDF}.Release|Win32.ActiveCfg = Release|Win32
		{C576934C-CEAF-4049-A3A4-48A5FB2A4FDF}.Release|Win32.Build.0 = Release|Win32
		{C576934C-CEAF-4049-A3A4-48A5FB2A4FDF}.Release|x64.ActiveCfg = Release|x64
		{C576934C-CEAF-4049-A3A4-48A5FB2A4FDF}.Release|x64.Build.0 = Release|x64
	EndGlobalSection
EndGlobal
